{
  "name": "@fiora/config",
  "version": "1.0.0",
  "lockfileVersion": 2,
  "requires": true,
  "packages": {
    "": {
      "name": "@fiora/config",
      "version": "1.0.0",
      "license": "MIT",
      "dependencies": {
        "ip": "^1.1.5"
      },
      "devDependencies": {
        "@types/ip": "^1.1.0"
      }
    },
    "node_modules/@types/ip": {
      "version": "1.1.0",
      "resolved": "https://registry.npmjs.org/@types/ip/-/ip-1.1.0.tgz",
      "integrity": "sha512-dwNe8gOoF70VdL6WJBwVHtQmAX4RMd62M+mAB9HQFjG1/qiCLM/meRy95Pd14FYBbEDwCq7jgJs89cHpLBu4HQ==",
      "dev": true,
      "dependencies": {
        "@types/node": "*"
      }
    },
    "node_modules/@types/node": {
      "version": "16.3.2",
      "resolved": "https://registry.npmjs.org/@types/node/-/node-16.3.2.tgz",
      "integrity": "sha512-jJs9ErFLP403I+hMLGnqDRWT0RYKSvArxuBVh2veudHV7ifEC1WAmjJADacZ7mRbA2nWgHtn8xyECMAot0SkAw==",
      "dev": true
    },
    "node_modules/ip": {
      "version": "1.1.5",
      "resolved": "https://registry.npmjs.org/ip/-/ip-1.1.5.tgz",
      "integrity": "sha1-vd7XARQpCCjAoDnnLvJfWq7ENUo= sha512-rBtCAQAJm8A110nbwn6YdveUnuZH3WrC36IwkRXxDnq53JvXA2NVQvB7IHyKomxK1MJ4VDNw3UtFDdXQ+AvLYA=="
    }
  },
  "dependencies": {
    "@types/ip": {
      "version": "1.1.0",
      "resolved": "https://registry.npmjs.org/@types/ip/-/ip-1.1.0.tgz",
      "integrity": "sha512-dwNe8gOoF70VdL6WJBwVHtQmAX4RMd62M+mAB9HQFjG1/qiCLM/meRy95Pd14FYBbEDwCq7jgJs89cHpLBu4HQ==",
      "dev": true,
      "requires": {
        "@types/node": "*"
      }
    },
    "@types/node": {
      "version": "16.3.2",
      "resolved": "https://registry.npmjs.org/@types/node/-/node-16.3.2.tgz",
      "integrity": "sha512-jJs9ErFLP403I+hMLGnqDRWT0RYKSvArxuBVh2veudHV7ifEC1WAmjJADacZ7mRbA2nWgHtn8xyECMAot0SkAw==",
      "dev": true
    },
    "ip": {
      "version": "1.1.5",
      "resolved": "https://registry.npmjs.org/ip/-/ip-1.1.5.tgz",
      "integrity": "sha1-vd7XARQpCCjAoDnnLvJfWq7ENUo= sha512-rBtCAQAJm8A110nbwn6YdveUnuZH3WrC36IwkRXxDnq53JvXA2NVQvB7IHyKomxK1MJ4VDNw3UtFDdXQ+AvLYA=="
    }
  }
}
